// !$*UTF8*$!
{
	archiveVersion = 1;
	classes = {
	};
	objectVersion = 56;
	objects = {

/* Begin PBXBuildFile section */
		8506DCF92B678F0600240BA1 /* AppDelegate.swift in Sources */ = {isa = PBXBuildFile; fileRef = 8506DCF82B678F0600240BA1 /* AppDelegate.swift */; };
		8506DCFB2B678F0600240BA1 /* ContentView.swift in Sources */ = {isa = PBXBuildFile; fileRef = 8506DCFA2B678F0600240BA1 /* ContentView.swift */; };
		8506DCFD2B678F0600240BA1 /* Experience.rcproject in Sources */ = {isa = PBXBuildFile; fileRef = 8506DCFC2B678F0600240BA1 /* Experience.rcproject */; };
		8506DCFF2B678F0700240BA1 /* Assets.xcassets in Resources */ = {isa = PBXBuildFile; fileRef = 8506DCFE2B678F0700240BA1 /* Assets.xcassets */; };
		8506DD022B678F0700240BA1 /* Preview Assets.xcassets in Resources */ = {isa = PBXBuildFile; fileRef = 8506DD012B678F0700240BA1 /* Preview Assets.xcassets */; };
		8506DD0C2B678F0700240BA1 /* ARC1Tests.swift in Sources */ = {isa = PBXBuildFile; fileRef = 8506DD0B2B678F0700240BA1 /* ARC1Tests.swift */; };
		8506DD162B678F0700240BA1 /* ARC1UITests.swift in Sources */ = {isa = PBXBuildFile; fileRef = 8506DD152B678F0700240BA1 /* ARC1UITests.swift */; };
		8506DD182B678F0700240BA1 /* ARC1UITestsLaunchTests.swift in Sources */ = {isa = PBXBuildFile; fileRef = 8506DD172B678F0700240BA1 /* ARC1UITestsLaunchTests.swift */; };
		854DD7F12B7E943300C16B93 /* Setting.swift in Sources */ = {isa = PBXBuildFile; fileRef = 854DD7F02B7E943300C16B93 /* Setting.swift */; };
		854DD7F32B7E967600C16B93 /* login.swift in Sources */ = {isa = PBXBuildFile; fileRef = 854DD7F22B7E967600C16B93 /* login.swift */; };
		854DD7F52B7E96A400C16B93 /* home.swift in Sources */ = {isa = PBXBuildFile; fileRef = 854DD7F42B7E96A400C16B93 /* home.swift */; };
		854DD7F92B7E96EA00C16B93 /* LocationModel.swift in Sources */ = {isa = PBXBuildFile; fileRef = 854DD7F82B7E96EA00C16B93 /* LocationModel.swift */; };
		854DD7FB2B7E972900C16B93 /* Location.swift in Sources */ = {isa = PBXBuildFile; fileRef = 854DD7FA2B7E972900C16B93 /* Location.swift */; };
/* End PBXBuildFile section */

/* Begin PBXContainerItemProxy section */
		8506DD082B678F0700240BA1 /* PBXContainerItemProxy */ = {
			isa = PBXContainerItemProxy;
			containerPortal = 8506DCED2B678F0600240BA1 /* Project object */;
			proxyType = 1;
			remoteGlobalIDString = 8506DCF42B678F0600240BA1;
			remoteInfo = ARC1;
		};
		8506DD122B678F0700240BA1 /* PBXContainerItemProxy */ = {
			isa = PBXContainerItemProxy;
			containerPortal = 8506DCED2B678F0600240BA1 /* Project object */;
			proxyType = 1;
			remoteGlobalIDString = 8506DCF42B678F0600240BA1;
			remoteInfo = ARC1;
		};
/* End PBXContainerItemProxy section */

/* Begin PBXFileReference section */
		8506DCF52B678F0600240BA1 /* ARC1.app */ = {isa = PBXFileReference; explicitFileType = wrapper.application; includeInIndex = 0; path = ARC1.app; sourceTree = BUILT_PRODUCTS_DIR; };
		8506DCF82B678F0600240BA1 /* AppDelegate.swift */ = {isa = PBXFileReference; lastKnownFileType = sourcecode.swift; path = AppDelegate.swift; sourceTree = "<group>"; };
		8506DCFA2B678F0600240BA1 /* ContentView.swift */ = {isa = PBXFileReference; lastKnownFileType = sourcecode.swift; path = ContentView.swift; sourceTree = "<group>"; };
		8506DCFC2B678F0600240BA1 /* Experience.rcproject */ = {isa = PBXFileReference; lastKnownFileType = file.rcproject; path = Experience.rcproject; sourceTree = "<group>"; };
		8506DCFE2B678F0700240BA1 /* Assets.xcassets */ = {isa = PBXFileReference; lastKnownFileType = folder.assetcatalog; path = Assets.xcassets; sourceTree = "<group>"; };
		8506DD012B678F0700240BA1 /* Preview Assets.xcassets */ = {isa = PBXFileReference; lastKnownFileType = folder.assetcatalog; path = "Preview Assets.xcassets"; sourceTree = "<group>"; };
		8506DD072B678F0700240BA1 /* ARC1Tests.xctest */ = {isa = PBXFileReference; explicitFileType = wrapper.cfbundle; includeInIndex = 0; path = ARC1Tests.xctest; sourceTree = BUILT_PRODUCTS_DIR; };
		8506DD0B2B678F0700240BA1 /* ARC1Tests.swift */ = {isa = PBXFileReference; lastKnownFileType = sourcecode.swift; path = ARC1Tests.swift; sourceTree = "<group>"; };
		8506DD112B678F0700240BA1 /* ARC1UITests.xctest */ = {isa = PBXFileReference; explicitFileType = wrapper.cfbundle; includeInIndex = 0; path = ARC1UITests.xctest; sourceTree = BUILT_PRODUCTS_DIR; };
		8506DD152B678F0700240BA1 /* ARC1UITests.swift */ = {isa = PBXFileReference; lastKnownFileType = sourcecode.swift; path = ARC1UITests.swift; sourceTree = "<group>"; };
		8506DD172B678F0700240BA1 /* ARC1UITestsLaunchTests.swift */ = {isa = PBXFileReference; lastKnownFileType = sourcecode.swift; path = ARC1UITestsLaunchTests.swift; sourceTree = "<group>"; };
		854DD7F02B7E943300C16B93 /* Setting.swift */ = {isa = PBXFileReference; lastKnownFileType = sourcecode.swift; path = Setting.swift; sourceTree = "<group>"; };
		854DD7F22B7E967600C16B93 /* login.swift */ = {isa = PBXFileReference; lastKnownFileType = sourcecode.swift; path = login.swift; sourceTree = "<group>"; };
		854DD7F42B7E96A400C16B93 /* home.swift */ = {isa = PBXFileReference; lastKnownFileType = sourcecode.swift; path = home.swift; sourceTree = "<group>"; };
		854DD7F82B7E96EA00C16B93 /* LocationModel.swift */ = {isa = PBXFileReference; lastKnownFileType = sourcecode.swift; path = LocationModel.swift; sourceTree = "<group>"; };
		854DD7FA2B7E972900C16B93 /* Location.swift */ = {isa = PBXFileReference; lastKnownFileType = sourcecode.swift; path = Location.swift; sourceTree = "<group>"; };
		854DD7FC2B7E986800C16B93 /* Info.plist */ = {isa = PBXFileReference; lastKnownFileType = text.plist; path = Info.plist; sourceTree = "<group>"; };
/* End PBXFileReference section */

/* Begin PBXFrameworksBuildPhase section */
		8506DCF22B678F0600240BA1 /* Frameworks */ = {
			isa = PBXFrameworksBuildPhase;
			buildActionMask = 2147483647;
			files = (
			);
			runOnlyForDeploymentPostprocessing = 0;
		};
		8506DD042B678F0700240BA1 /* Frameworks */ = {
			isa = PBXFrameworksBuildPhase;
			buildActionMask = 2147483647;
			files = (
			);
			runOnlyForDeploymentPostprocessing = 0;
		};
		8506DD0E2B678F0700240BA1 /* Frameworks */ = {
			isa = PBXFrameworksBuildPhase;
			buildActionMask = 2147483647;
			files = (
			);
			runOnlyForDeploymentPostprocessing = 0;
		};
/* End PBXFrameworksBuildPhase section */

/* Begin PBXGroup section */
		8506DCEC2B678F0600240BA1 = {
			isa = PBXGroup;
			children = (
				8506DCF72B678F0600240BA1 /* ARC1 */,
				8506DD0A2B678F0700240BA1 /* ARC1Tests */,
				8506DD142B678F0700240BA1 /* ARC1UITests */,
				8506DCF62B678F0600240BA1 /* Products */,
			);
			sourceTree = "<group>";
		};
		8506DCF62B678F0600240BA1 /* Products */ = {
			isa = PBXGroup;
			children = (
				8506DCF52B678F0600240BA1 /* ARC1.app */,
				8506DD072B678F0700240BA1 /* ARC1Tests.xctest */,
				8506DD112B678F0700240BA1 /* ARC1UITests.xctest */,
			);
			name = Products;
			sourceTree = "<group>";
		};
		8506DCF72B678F0600240BA1 /* ARC1 */ = {
			isa = PBXGroup;
			children = (
				854DD7FC2B7E986800C16B93 /* Info.plist */,
				8506DCF82B678F0600240BA1 /* AppDelegate.swift */,
				8506DCFA2B678F0600240BA1 /* ContentView.swift */,
				8506DCFC2B678F0600240BA1 /* Experience.rcproject */,
				8506DCFE2B678F0700240BA1 /* Assets.xcassets */,
				8506DD002B678F0700240BA1 /* Preview Content */,
				854DD7F02B7E943300C16B93 /* Setting.swift */,
				854DD7F22B7E967600C16B93 /* login.swift */,
				854DD7F42B7E96A400C16B93 /* home.swift */,
				854DD7F82B7E96EA00C16B93 /* LocationModel.swift */,
				854DD7FA2B7E972900C16B93 /* Location.swift */,
			);
			path = ARC1;
			sourceTree = "<group>";
		};
		8506DD002B678F0700240BA1 /* Preview Content */ = {
			isa = PBXGroup;
			children = (
				8506DD012B678F0700240BA1 /* Preview Assets.xcassets */,
			);
			path = "Preview Content";
			sourceTree = "<group>";
		};
		8506DD0A2B678F0700240BA1 /* ARC1Tests */ = {
			isa = PBXGroup;
			children = (
				8506DD0B2B678F0700240BA1 /* ARC1Tests.swift */,
			);
			path = ARC1Tests;
			sourceTree = "<group>";
		};
		8506DD142B678F0700240BA1 /* ARC1UITests */ = {
			isa = PBXGroup;
			children = (
				8506DD152B678F0700240BA1 /* ARC1UITests.swift */,
				8506DD172B678F0700240BA1 /* ARC1UITestsLaunchTests.swift */,
			);
			path = ARC1UITests;
			sourceTree = "<group>";
		};
/* End PBXGroup section */

/* Begin PBXNativeTarget section */
		8506DCF42B678F0600240BA1 /* ARC1 */ = {
			isa = PBXNativeTarget;
			buildConfigurationList = 8506DD1B2B678F0700240BA1 /* Build configuration list for PBXNativeTarget "ARC1" */;
			buildPhases = (
				8506DCF12B678F0600240BA1 /* Sources */,
				8506DCF22B678F0600240BA1 /* Frameworks */,
				8506DCF32B678F0600240BA1 /* Resources */,
			);
			buildRules = (
			);
			dependencies = (
			);
			name = ARC1;
			productName = ARC1;
			productReference = 8506DCF52B678F0600240BA1 /* ARC1.app */;
			productType = "com.apple.product-type.application";
		};
		8506DD062B678F0700240BA1 /* ARC1Tests */ = {
			isa = PBXNativeTarget;
			buildConfigurationList = 8506DD1E2B678F0700240BA1 /* Build configuration list for PBXNativeTarget "ARC1Tests" */;
			buildPhases = (
				8506DD032B678F0700240BA1 /* Sources */,
				8506DD042B678F0700240BA1 /* Frameworks */,
				8506DD052B678F0700240BA1 /* Resources */,
			);
			buildRules = (
			);
			dependencies = (
				8506DD092B678F0700240BA1 /* PBXTargetDependency */,
			);
			name = ARC1Tests;
			productName = ARC1Tests;
			productReference = 8506DD072B678F0700240BA1 /* ARC1Tests.xctest */;
			productType = "com.apple.product-type.bundle.unit-test";
		};
		8506DD102B678F0700240BA1 /* ARC1UITests */ = {
			isa = PBXNativeTarget;
			buildConfigurationList = 8506DD212B678F0700240BA1 /* Build configuration list for PBXNativeTarget "ARC1UITests" */;
			buildPhases = (
				8506DD0D2B678F0700240BA1 /* Sources */,
				8506DD0E2B678F0700240BA1 /* Frameworks */,
				8506DD0F2B678F0700240BA1 /* Resources */,
			);
			buildRules = (
			);
			dependencies = (
				8506DD132B678F0700240BA1 /* PBXTargetDependency */,
			);
			name = ARC1UITests;
			productName = ARC1UITests;
			productReference = 8506DD112B678F0700240BA1 /* ARC1UITests.xctest */;
			productType = "com.apple.product-type.bundle.ui-testing";
		};
/* End PBXNativeTarget section */

/* Begin PBXProject section */
		8506DCED2B678F0600240BA1 /* Project object */ = {
			isa = PBXProject;
			attributes = {
				BuildIndependentTargetsInParallel = 1;
				LastSwiftUpdateCheck = 1430;
				LastUpgradeCheck = 1430;
				TargetAttributes = {
					8506DCF42B678F0600240BA1 = {
						CreatedOnToolsVersion = 14.3.1;
					};
					8506DD062B678F0700240BA1 = {
						CreatedOnToolsVersion = 14.3.1;
						TestTargetID = 8506DCF42B678F0600240BA1;
					};
					8506DD102B678F0700240BA1 = {
						CreatedOnToolsVersion = 14.3.1;
						TestTargetID = 8506DCF42B678F0600240BA1;
					};
				};
			};
			buildConfigurationList = 8506DCF02B678F0600240BA1 /* Build configuration list for PBXProject "ARC1" */;
			compatibilityVersion = "Xcode 14.0";
			developmentRegion = en;
			hasScannedForEncodings = 0;
			knownRegions = (
				en,
				Base,
			);
			mainGroup = 8506DCEC2B678F0600240BA1;
			productRefGroup = 8506DCF62B678F0600240BA1 /* Products */;
			projectDirPath = "";
			projectRoot = "";
			targets = (
				8506DCF42B678F0600240BA1 /* ARC1 */,
				8506DD062B678F0700240BA1 /* ARC1Tests */,
				8506DD102B678F0700240BA1 /* ARC1UITests */,
			);
		};
/* End PBXProject section */

/* Begin PBXResourcesBuildPhase section */
		8506DCF32B678F0600240BA1 /* Resources */ = {
			isa = PBXResourcesBuildPhase;
			buildActionMask = 2147483647;
			files = (
				8506DD022B678F0700240BA1 /* Preview Assets.xcassets in Resources */,
				8506DCFF2B678F0700240BA1 /* Assets.xcassets in Resources */,
			);
			runOnlyForDeploymentPostprocessing = 0;
		};
		8506DD052B678F0700240BA1 /* Resources */ = {
			isa = PBXResourcesBuildPhase;
			buildActionMask = 2147483647;
			files = (
			);
			runOnlyForDeploymentPostprocessing = 0;
		};
		8506DD0F2B678F0700240BA1 /* Resources */ = {
			isa = PBXResourcesBuildPhase;
			buildActionMask = 2147483647;
			files = (
			);
			runOnlyForDeploymentPostprocessing = 0;
		};
/* End PBXResourcesBuildPhase section */

/* Begin PBXSourcesBuildPhase section */
		8506DCF12B678F0600240BA1 /* Sources */ = {
			isa = PBXSourcesBuildPhase;
			buildActionMask = 2147483647;
			files = (
				854DD7F92B7E96EA00C16B93 /* LocationModel.swift in Sources */,
				854DD7F52B7E96A400C16B93 /* home.swift in Sources */,
				854DD7FB2B7E972900C16B93 /* Location.swift in Sources */,
				8506DCFB2B678F0600240BA1 /* ContentView.swift in Sources */,
				854DD7F32B7E967600C16B93 /* login.swift in Sources */,
				8506DCF92B678F0600240BA1 /* AppDelegate.swift in Sources */,
				854DD7F12B7E943300C16B93 /* Setting.swift in Sources */,
				8506DCFD2B678F0600240BA1 /* Experience.rcproject in Sources */,
			);
			runOnlyForDeploymentPostprocessing = 0;
		};
		8506DD032B678F0700240BA1 /* Sources */ = {
			isa = PBXSourcesBuildPhase;
			buildActionMask = 2147483647;
			files = (
				8506DD0C2B678F0700240BA1 /* ARC1Tests.swift in Sources */,
			);
			runOnlyForDeploymentPostprocessing = 0;
		};
		8506DD0D2B678F0700240BA1 /* Sources */ = {
			isa = PBXSourcesBuildPhase;
			buildActionMask = 2147483647;
			files = (
				8506DD162B678F0700240BA1 /* ARC1UITests.swift in Sources */,
				8506DD182B678F0700240BA1 /* ARC1UITestsLaunchTests.swift in Sources */,
			);
			runOnlyForDeploymentPostprocessing = 0;
		};
/* End PBXSourcesBuildPhase section */

/* Begin PBXTargetDependency section */
		8506DD092B678F0700240BA1 /* PBXTargetDependency */ = {
			isa = PBXTargetDependency;
			target = 8506DCF42B678F0600240BA1 /* ARC1 */;
			targetProxy = 8506DD082B678F0700240BA1 /* PBXContainerItemProxy */;
		};
		8506DD132B678F0700240BA1 /* PBXTargetDependency */ = {
			isa = PBXTargetDependency;
			target = 8506DCF42B678F0600240BA1 /* ARC1 */;
			targetProxy = 8506DD122B678F0700240BA1 /* PBXContainerItemProxy */;
		};
/* End PBXTargetDependency section */

/* Begin XCBuildConfiguration section */
		8506DD192B678F0700240BA1 /* Debug */ = {
			isa = XCBuildConfiguration;
			buildSettings = {
				ALWAYS_SEARCH_USER_PATHS = NO;
				CLANG_ANALYZER_NONNULL = YES;
				CLANG_ANALYZER_NUMBER_OBJECT_CONVERSION = YES_AGGRESSIVE;
				CLANG_CXX_LANGUAGE_STANDARD = "gnu++20";
				CLANG_ENABLE_MODULES = YES;
				CLANG_ENABLE_OBJC_ARC = YES;
				CLANG_ENABLE_OBJC_WEAK = YES;
				CLANG_WARN_BLOCK_CAPTURE_AUTORELEASING = YES;
				CLANG_WARN_BOOL_CONVERSION = YES;
				CLANG_WARN_COMMA = YES;
				CLANG_WARN_CONSTANT_CONVERSION = YES;
				CLANG_WARN_DEPRECATED_OBJC_IMPLEMENTATIONS = YES;
				CLANG_WARN_DIRECT_OBJC_ISA_USAGE = YES_ERROR;
				CLANG_WARN_DOCUMENTATION_COMMENTS = YES;
				CLANG_WARN_EMPTY_BODY = YES;
				CLANG_WARN_ENUM_CONVERSION = YES;
				CLANG_WARN_INFINITE_RECURSION = YES;
				CLANG_WARN_INT_CONVERSION = YES;
				CLANG_WARN_NON_LITERAL_NULL_CONVERSION = YES;
				CLANG_WARN_OBJC_IMPLICIT_RETAIN_SELF = YES;
				CLANG_WARN_OBJC_LITERAL_CONVERSION = YES;
				CLANG_WARN_OBJC_ROOT_CLASS = YES_ERROR;
				CLANG_WARN_QUOTED_INCLUDE_IN_FRAMEWORK_HEADER = YES;
				CLANG_WARN_RANGE_LOOP_ANALYSIS = YES;
				CLANG_WARN_STRICT_PROTOTYPES = YES;
				CLANG_WARN_SUSPICIOUS_MOVE = YES;
				CLANG_WARN_UNGUARDED_AVAILABILITY = YES_AGGRESSIVE;
				CLANG_WARN_UNREACHABLE_CODE = YES;
				CLANG_WARN__DUPLICATE_METHOD_MATCH = YES;
				COPY_PHASE_STRIP = NO;
				DEBUG_INFORMATION_FORMAT = dwarf;
				ENABLE_STRICT_OBJC_MSGSEND = YES;
				ENABLE_TESTABILITY = YES;
				GCC_C_LANGUAGE_STANDARD = gnu11;
				GCC_DYNAMIC_NO_PIC = NO;
				GCC_NO_COMMON_BLOCKS = YES;
				GCC_OPTIMIZATION_LEVEL = 0;
				GCC_PREPROCESSOR_DEFINITIONS = (
					"DEBUG=1",
					"$(inherited)",
				);
				GCC_WARN_64_TO_32_BIT_CONVERSION = YES;
				GCC_WARN_ABOUT_RETURN_TYPE = YES_ERROR;
				GCC_WARN_UNDECLARED_SELECTOR = YES;
				GCC_WARN_UNINITIALIZED_AUTOS = YES_AGGRESSIVE;
				GCC_WARN_UNUSED_FUNCTION = YES;
				GCC_WARN_UNUSED_VARIABLE = YES;
				IPHONEOS_DEPLOYMENT_TARGET = 16.4;
				MTL_ENABLE_DEBUG_INFO = INCLUDE_SOURCE;
				MTL_FAST_MATH = YES;
				ONLY_ACTIVE_ARCH = YES;
				SDKROOT = iphoneos;
				SWIFT_ACTIVE_COMPILATION_CONDITIONS = DEBUG;
				SWIFT_OPTIMIZATION_LEVEL = "-Onone";
			};
			name = Debug;
		};
		8506DD1A2B678F0700240BA1 /* Release */ = {
			isa = XCBuildConfiguration;
			buildSettings = {
				ALWAYS_SEARCH_USER_PATHS = NO;
				CLANG_ANALYZER_NONNULL = YES;
				CLANG_ANALYZER_NUMBER_OBJECT_CONVERSION = YES_AGGRESSIVE;
				CLANG_CXX_LANGUAGE_STANDARD = "gnu++20";
				CLANG_ENABLE_MODULES = YES;
				CLANG_ENABLE_OBJC_ARC = YES;
				CLANG_ENABLE_OBJC_WEAK = YES;
				CLANG_WARN_BLOCK_CAPTURE_AUTORELEASING = YES;
				CLANG_WARN_BOOL_CONVERSION = YES;
				CLANG_WARN_COMMA = YES;
				CLANG_WARN_CONSTANT_CONVERSION = YES;
				CLANG_WARN_DEPRECATED_OBJC_IMPLEMENTATIONS = YES;
				CLANG_WARN_DIRECT_OBJC_ISA_USAGE = YES_ERROR;
				CLANG_WARN_DOCUMENTATION_COMMENTS = YES;
				CLANG_WARN_EMPTY_BODY = YES;
				CLANG_WARN_ENUM_CONVERSION = YES;
				CLANG_WARN_INFINITE_RECURSION = YES;
				CLANG_WARN_INT_CONVERSION = YES;
				CLANG_WARN_NON_LITERAL_NULL_CONVERSION = YES;
				CLANG_WARN_OBJC_IMPLICIT_RETAIN_SELF = YES;
				CLANG_WARN_OBJC_LITERAL_CONVERSION = YES;
				CLANG_WARN_OBJC_ROOT_CLASS = YES_ERROR;
				CLANG_WARN_QUOTED_INCLUDE_IN_FRAMEWORK_HEADER = YES;
				CLANG_WARN_RANGE_LOOP_ANALYSIS = YES;
				CLANG_WARN_STRICT_PROTOTYPES = YES;
				CLANG_WARN_SUSPICIOUS_MOVE = YES;
				CLANG_WARN_UNGUARDED_AVAILABILITY = YES_AGGRESSIVE;
				CLANG_WARN_UNREACHABLE_CODE = YES;
				CLANG_WARN__DUPLICATE_METHOD_MATCH = YES;
				COPY_PHASE_STRIP = NO;
				DEBUG_INFORMATION_FORMAT = "dwarf-with-dsym";
				ENABLE_NS_ASSERTIONS = NO;
				ENABLE_STRICT_OBJC_MSGSEND = YES;
				GCC_C_LANGUAGE_STANDARD = gnu11;
				GCC_NO_COMMON_BLOCKS = YES;
				GCC_WARN_64_TO_32_BIT_CONVERSION = YES;
				GCC_WARN_ABOUT_RETURN_TYPE = YES_ERROR;
				GCC_WARN_UNDECLARED_SELECTOR = YES;
				GCC_WARN_UNINITIALIZED_AUTOS = YES_AGGRESSIVE;
				GCC_WARN_UNUSED_FUNCTION = YES;
				GCC_WARN_UNUSED_VARIABLE = YES;
				IPHONEOS_DEPLOYMENT_TARGET = 16.4;
				MTL_ENABLE_DEBUG_INFO = NO;
				MTL_FAST_MATH = YES;
				SDKROOT = iphoneos;
				SWIFT_COMPILATION_MODE = wholemodule;
				SWIFT_OPTIMIZATION_LEVEL = "-O";
				VALIDATE_PRODUCT = YES;
			};
			name = Release;
		};
		8506DD1C2B678F0700240BA1 /* Debug */ = {
			isa = XCBuildConfiguration;
			buildSettings = {
				ASSETCATALOG_COMPILER_APPICON_NAME = AppIcon;
				ASSETCATALOG_COMPILER_GLOBAL_ACCENT_COLOR_NAME = AccentColor;
				CODE_SIGN_STYLE = Automatic;
				CURRENT_PROJECT_VERSION = 1;
				DEVELOPMENT_ASSET_PATHS = "\"ARC1/Preview Content\"";
				ENABLE_PREVIEWS = YES;
				GENERATE_INFOPLIST_FILE = YES;
				INFOPLIST_FILE = ARC1/Info.plist;
				INFOPLIST_KEY_LSApplicationCategoryType = "";
				INFOPLIST_KEY_NSCameraUsageDescription = "";
				INFOPLIST_KEY_NSFaceIDUsageDescription = "";
				INFOPLIST_KEY_NSLocationAlwaysUsageDescription = "";
				INFOPLIST_KEY_NSLocationWhenInUseUsageDescription = "";
				INFOPLIST_KEY_UIApplicationSupportsIndirectInputEvents = YES;
				INFOPLIST_KEY_UILaunchScreen_Generation = YES;
				INFOPLIST_KEY_UIRequiredDeviceCapabilities = arkit;
				INFOPLIST_KEY_UIStatusBarHidden = YES;
				INFOPLIST_KEY_UISupportedInterfaceOrientations_iPad = "UIInterfaceOrientationPortrait UIInterfaceOrientationPortraitUpsideDown UIInterfaceOrientationLandscapeLeft UIInterfaceOrientationLandscapeRight";
				INFOPLIST_KEY_UISupportedInterfaceOrientations_iPhone = "UIInterfaceOrientationPortrait UIInterfaceOrientationLandscapeLeft UIInterfaceOrientationLandscapeRight";
				LD_RUNPATH_SEARCH_PATHS = (
					"$(inherited)",
					"@executable_path/Frameworks",
				);
				MARKETING_VERSION = 1.0;
				PRODUCT_BUNDLE_IDENTIFIER = hw.ARC1;
				PRODUCT_NAME = "$(TARGET_NAME)";
				SWIFT_EMIT_LOC_STRINGS = YES;
				SWIFT_VERSION = 5.0;
				TARGETED_DEVICE_FAMILY = "1,2";
			};
			name = Debug;
		};
		8506DD1D2B678F0700240BA1 /* Release */ = {
			isa = XCBuildConfiguration;
			buildSettings = {
				ASSETCATALOG_COMPILER_APPICON_NAME = AppIcon;
				ASSETCATALOG_COMPILER_GLOBAL_ACCENT_COLOR_NAME = AccentColor;
				CODE_SIGN_STYLE = Automatic;
				CURRENT_PROJECT_VERSION = 1;
				DEVELOPMENT_ASSET_PATHS = "\"ARC1/Preview Content\"";
				ENABLE_PREVIEWS = YES;
				GENERATE_INFOPLIST_FILE = YES;
				INFOPLIST_FILE = ARC1/Info.plist;
				INFOPLIST_KEY_LSApplicationCategoryType = "";
				INFOPLIST_KEY_NSCameraUsageDescription = "";
				INFOPLIST_KEY_NSFaceIDUsageDescription = "";
				INFOPLIST_KEY_NSLocationAlwaysUsageDescription = "";
				INFOPLIST_KEY_NSLocationWhenInUseUsageDescription = "";
				INFOPLIST_KEY_UIApplicationSupportsIndirectInputEvents = YES;
				INFOPLIST_KEY_UILaunchScreen_Generation = YES;
				INFOPLIST_KEY_UIRequiredDeviceCapabilities = arkit;
				INFOPLIST_KEY_UIStatusBarHidden = YES;
				INFOPLIST_KEY_UISupportedInterfaceOrientations_iPad = "UIInterfaceOrientationPortrait UIInterfaceOrientationPortraitUpsideDown UIInterfaceOrientationLandscapeLeft UIInterfaceOrientationLandscapeRight";
				INFOPLIST_KEY_UISupportedInterfaceOrientations_iPhone = "UIInterfaceOrientationPortrait UIInterfaceOrientationLandscapeLeft UIInterfaceOrientationLandscapeRight";
				LD_RUNPATH_SEARCH_PATHS = (
					"$(inherited)",
					"@executable_path/Frameworks",
				);
				MARKETING_VERSION = 1.0;
				PRODUCT_BUNDLE_IDENTIFIER = hw.ARC1;
				PRODUCT_NAME = "$(TARGET_NAME)";
				SWIFT_EMIT_LOC_STRINGS = YES;
				SWIFT_VERSION = 5.0;
				TARGETED_DEVICE_FAMILY = "1,2";
			};
			name = Release;
		};
		8506DD1F2B678F0700240BA1 /* Debug */ = {
			isa = XCBuildConfiguration;
			buildSettings = {
				ALWAYS_EMBED_SWIFT_STANDARD_LIBRARIES = YES;
				BUNDLE_LOADER = "$(TEST_HOST)";
				CODE_SIGN_STYLE = Automatic;
				CURRENT_PROJECT_VERSION = 1;
				GENERATE_INFOPLIST_FILE = YES;
				IPHONEOS_DEPLOYMENT_TARGET = 16.4;
				MARKETING_VERSION = 1.0;
				PRODUCT_BUNDLE_IDENTIFIER = hw.ARC1Tests;
				PRODUCT_NAME = "$(TARGET_NAME)";
				SWIFT_EMIT_LOC_STRINGS = NO;
				SWIFT_VERSION = 5.0;
				TARGETED_DEVICE_FAMILY = "1,2";
				TEST_HOST = "$(BUILT_PRODUCTS_DIR)/ARC1.app/$(BUNDLE_EXECUTABLE_FOLDER_PATH)/ARC1";
			};
			name = Debug;
		};
		8506DD202B678F0700240BA1 /* Release */ = {
			isa = XCBuildConfiguration;
			buildSettings = {
				ALWAYS_EMBED_SWIFT_STANDARD_LIBRARIES = YES;
				BUNDLE_LOADER = "$(TEST_HOST)";
				CODE_SIGN_STYLE = Automatic;
				CURRENT_PROJECT_VERSION = 1;
				GENERATE_INFOPLIST_FILE = YES;
				IPHONEOS_DEPLOYMENT_TARGET = 16.4;
				MARKETING_VERSION = 1.0;
				PRODUCT_BUNDLE_IDENTIFIER = hw.ARC1Tests;
				PRODUCT_NAME = "$(TARGET_NAME)";
				SWIFT_EMIT_LOC_STRINGS = NO;
				SWIFT_VERSION = 5.0;
				TARGETED_DEVICE_FAMILY = "1,2";
				TEST_HOST = "$(BUILT_PRODUCTS_DIR)/ARC1.app/$(BUNDLE_EXECUTABLE_FOLDER_PATH)/ARC1";
			};
			name = Release;
		};
		8506DD222B678F0700240BA1 /* Debug */ = {
			isa = XCBuildConfiguration;
			buildSettings = {
				ALWAYS_EMBED_SWIFT_STANDARD_LIBRARIES = YES;
				CODE_SIGN_STYLE = Automatic;
				CURRENT_PROJECT_VERSION = 1;
				GENERATE_INFOPLIST_FILE = YES;
				MARKETING_VERSION = 1.0;
				PRODUCT_BUNDLE_IDENTIFIER = hw.ARC1UITests;
				PRODUCT_NAME = "$(TARGET_NAME)";
				SWIFT_EMIT_LOC_STRINGS = NO;
				SWIFT_VERSION = 5.0;
				TARGETED_DEVICE_FAMILY = "1,2";
				TEST_TARGET_NAME = ARC1;
			};
			name = Debug;
		};
		8506DD232B678F0700240BA1 /* Release */ = {
			isa = XCBuildConfiguration;
			buildSettings = {
				ALWAYS_EMBED_SWIFT_STANDARD_LIBRARIES = YES;
				CODE_SIGN_STYLE = Automatic;
				CURRENT_PROJECT_VERSION = 1;
				GENERATE_INFOPLIST_FILE = YES;
				MARKETING_VERSION = 1.0;
				PRODUCT_BUNDLE_IDENTIFIER = hw.ARC1UITests;
				PRODUCT_NAME = "$(TARGET_NAME)";
				SWIFT_EMIT_LOC_STRINGS = NO;
				SWIFT_VERSION = 5.0;
				TARGETED_DEVICE_FAMILY = "1,2";
				TEST_TARGET_NAME = ARC1;
			};
			name = Release;
		};
/* End XCBuildConfiguration section */

/* Begin XCConfigurationList section */
		8506DCF02B678F0600240BA1 /* Build configuration list for PBXProject "ARC1" */ = {
			isa = XCConfigurationList;
			buildConfigurations = (
				8506DD192B678F0700240BA1 /* Debug */,
				8506DD1A2B678F0700240BA1 /* Release */,
			);
			defaultConfigurationIsVisible = 0;
			defaultConfigurationName = Release;
		};
		8506DD1B2B678F0700240BA1 /* Build configuration list for PBXNativeTarget "ARC1" */ = {
			isa = XCConfigurationList;
			buildConfigurations = (
				8506DD1C2B678F0700240BA1 /* Debug */,
				8506DD1D2B678F0700240BA1 /* Release */,
			);
			defaultConfigurationIsVisible = 0;
			defaultConfigurationName = Release;
		};
		8506DD1E2B678F0700240BA1 /* Build configuration list for PBXNativeTarget "ARC1Tests" */ = {
			isa = XCConfigurationList;
			buildConfigurations = (
				8506DD1F2B678F0700240BA1 /* Debug */,
				8506DD202B678F0700240BA1 /* Release */,
			);
			defaultConfigurationIsVisible = 0;
			defaultConfigurationName = Release;
		};
		8506DD212B678F0700240BA1 /* Build configuration list for PBXNativeTarget "ARC1UITests" */ = {
			isa = XCConfigurationList;
			buildConfigurations = (
				8506DD222B678F0700240BA1 /* Debug */,
				8506DD232B678F0700240BA1 /* Release */,
			);
			defaultConfigurationIsVisible = 0;
			defaultConfigurationName = Release;
		};
/* End XCConfigurationList section */
	};
	rootObject = 8506DCED2B678F0600240BA1 /* Project object */;
}
